
Microsoft Visual Studio Solution File, Format Version 12.00
# Visual Studio 2012
Project("{FAE04EC0-301F-11D3-BF4B-00C04F79EFBC}") = "TheKFactorUtils", "TheKFactorUtils\TheKFactorUtils.csproj", "{343778CC-3C70-4F60-9F4E-BB7112C558E9}"
EndProject
Project("{FAE04EC0-301F-11D3-BF4B-00C04F79EFBC}") = "TheKFactorUtils.Tests", "TheKFactorUtils.Tests\TheKFactorUtils.Tests.csproj", "{148F615E-BCAB-4197-9392-8CE60B8A679A}"
EndProject
Global
	GlobalSection(SolutionConfigurationPlatforms) = preSolution
		Debug|Any CPU = Debug|Any CPU
		Release|Any CPU = Release|Any CPU
	EndGlobalSection
	GlobalSection(ProjectConfigurationPlatforms) = postSolution
		{343778CC-3C70-4F60-9F4E-BB7112C558E9}.Debug|Any CPU.ActiveCfg = Debug|Any CPU
		{343778CC-3C70-4F60-9F4E-BB7112C558E9}.Debug|Any CPU.Build.0 = Debug|Any CPU
		{343778CC-3C70-4F60-9F4E-BB7112C558E9}.Release|Any CPU.ActiveCfg = Release|Any CPU
		{343778CC-3C70-4F60-9F4E-BB7112C558E9}.Release|Any CPU.Build.0 = Release|Any CPU
		{148F615E-BCAB-4197-9392-8CE60B8A679A}.Debug|Any CPU.ActiveCfg = Debug|Any CPU
		{148F615E-BCAB-4197-9392-8CE60B8A679A}.Debug|Any CPU.Build.0 = Debug|Any CPU
		{148F615E-BCAB-4197-9392-8CE60B8A679A}.Release|Any CPU.ActiveCfg = Release|Any CPU
		{148F615E-BCAB-4197-9392-8CE60B8A679A}.Release|Any CPU.Build.0 = Release|Any CPU
	EndGlobalSection
	GlobalSection(SolutionProperties) = preSolution
		HideSolutionNode = FALSE
	EndGlobalSection
EndGlobal
